
Microsoft Visual Studio Solution File, Format Version 12.00
# Visual Studio Version 17
VisualStudioVersion = 17.11.35312.102
MinimumVisualStudioVersion = 10.0.40219.1
Project("{FAE04EC0-301F-11D3-BF4B-00C04F79EFBC}") = "Zadanie1", "Zadanie1\Zadanie1.csproj", "{286E8399-8891-4BD2-87A3-3AFFB583B772}"
EndProject
Global
	GlobalSection(SolutionConfigurationPlatforms) = preSolution
		Debug|Any CPU = Debug|Any CPU
		Release|Any CPU = Release|Any CPU
	EndGlobalSection
	GlobalSection(ProjectConfigurationPlatforms) = postSolution
		{286E8399-8891-4BD2-87A3-3AFFB583B772}.Debug|Any CPU.ActiveCfg = Debug|Any CPU
		{286E8399-8891-4BD2-87A3-3AFFB583B772}.Debug|Any CPU.Build.0 = Debug|Any CPU
		{286E8399-8891-4BD2-87A3-3AFFB583B772}.Release|Any CPU.ActiveCfg = Release|Any CPU
		{286E8399-8891-4BD2-87A3-3AFFB583B772}.Release|Any CPU.Build.0 = Release|Any CPU
	EndGlobalSection
	GlobalSection(SolutionProperties) = preSolution
		HideSolutionNode = FALSE
	EndGlobalSection
	GlobalSection(ExtensibilityGlobals) = postSolution
		SolutionGuid = {DE9C595B-B701-4B5E-ADCD-16A29A964DC1}
	EndGlobalSection
EndGlobal
